
Microsoft Visual Studio Solution File, Format Version 12.00
# Visual Studio 15
VisualStudioVersion = 15.0.28010.2019
MinimumVisualStudioVersion = 10.0.40219.1
Project("{9A19103F-16F7-4668-BE54-9A1E7A4F7556}") = "RaysBlog.Web", "RaysBlog.Web\RaysBlog.Web.csproj", "{CA2A4DB9-03BB-4923-9F38-986BD049BC23}"
EndProject
Project("{9A19103F-16F7-4668-BE54-9A1E7A4F7556}") = "RaysBlog.Model", "RaysBlog.Model\RaysBlog.Model.csproj", "{D664B70C-6B76-4417-B4AE-B1CD1E03BDFB}"
EndProject
Project("{9A19103F-16F7-4668-BE54-9A1E7A4F7556}") = "RaysBlog.Services", "RaysBlog.Services\RaysBlog.Services.csproj", "{BA10F32A-6CE9-4B7D-91B0-B1E74EA7D293}"
EndProject
Project("{9A19103F-16F7-4668-BE54-9A1E7A4F7556}") = "RaysBlog.Repository", "RaysBlog.Repository\RaysBlog.Repository.csproj", "{03AEE24B-AE8F-4421-AA76-9473C5B99FDC}"
EndProject
Project("{FAE04EC0-301F-11D3-BF4B-00C04F79EFBC}") = "RaysBlog.Test", "RaysBlog.Test\RaysBlog.Test.csproj", "{C311FE99-894E-4475-BBA9-E6CF92947672}"
EndProject
Global
	GlobalSection(SolutionConfigurationPlatforms) = preSolution
		Debug|Any CPU = Debug|Any CPU
		Release|Any CPU = Release|Any CPU
	EndGlobalSection
	GlobalSection(ProjectConfigurationPlatforms) = postSolution
		{CA2A4DB9-03BB-4923-9F38-986BD049BC23}.Debug|Any CPU.ActiveCfg = Debug|Any CPU
		{CA2A4DB9-03BB-4923-9F38-986BD049BC23}.Debug|Any CPU.Build.0 = Debug|Any CPU
		{CA2A4DB9-03BB-4923-9F38-986BD049BC23}.Release|Any CPU.ActiveCfg = Release|Any CPU
		{CA2A4DB9-03BB-4923-9F38-986BD049BC23}.Release|Any CPU.Build.0 = Release|Any CPU
		{D664B70C-6B76-4417-B4AE-B1CD1E03BDFB}.Debug|Any CPU.ActiveCfg = Debug|Any CPU
		{D664B70C-6B76-4417-B4AE-B1CD1E03BDFB}.Debug|Any CPU.Build.0 = Debug|Any CPU
		{D664B70C-6B76-4417-B4AE-B1CD1E03BDFB}.Release|Any CPU.ActiveCfg = Release|Any CPU
		{D664B70C-6B76-4417-B4AE-B1CD1E03BDFB}.Release|Any CPU.Build.0 = Release|Any CPU
		{BA10F32A-6CE9-4B7D-91B0-B1E74EA7D293}.Debug|Any CPU.ActiveCfg = Debug|Any CPU
		{BA10F32A-6CE9-4B7D-91B0-B1E74EA7D293}.Debug|Any CPU.Build.0 = Debug|Any CPU
		{BA10F32A-6CE9-4B7D-91B0-B1E74EA7D293}.Release|Any CPU.ActiveCfg = Release|Any CPU
		{BA10F32A-6CE9-4B7D-91B0-B1E74EA7D293}.Release|Any CPU.Build.0 = Release|Any CPU
		{03AEE24B-AE8F-4421-AA76-9473C5B99FDC}.Debug|Any CPU.ActiveCfg = Debug|Any CPU
		{03AEE24B-AE8F-4421-AA76-9473C5B99FDC}.Debug|Any CPU.Build.0 = Debug|Any CPU
		{03AEE24B-AE8F-4421-AA76-9473C5B99FDC}.Release|Any CPU.ActiveCfg = Release|Any CPU
		{03AEE24B-AE8F-4421-AA76-9473C5B99FDC}.Release|Any CPU.Build.0 = Release|Any CPU
		{C311FE99-894E-4475-BBA9-E6CF92947672}.Debug|Any CPU.ActiveCfg = Debug|Any CPU
		{C311FE99-894E-4475-BBA9-E6CF92947672}.Debug|Any CPU.Build.0 = Debug|Any CPU
		{C311FE99-894E-4475-BBA9-E6CF92947672}.Release|Any CPU.ActiveCfg = Release|Any CPU
		{C311FE99-894E-4475-BBA9-E6CF92947672}.Release|Any CPU.Build.0 = Release|Any CPU
	EndGlobalSection
	GlobalSection(SolutionProperties) = preSolution
		HideSolutionNode = FALSE
	EndGlobalSection
	GlobalSection(ExtensibilityGlobals) = postSolution
		SolutionGuid = {54C5FC24-0DAE-489F-8B75-CC84EB63196D}
	EndGlobalSection
EndGlobal
